// !$*UTF8*$!
{
	archiveVersion = 1;
	classes = {
	};
	objectVersion = 46;
	objects = {

/* Begin PBXBuildFile section */
		1707DBD11A24979C00AABFD1 /* main.m in Sources */ = {isa = PBXBuildFile; fileRef = 1707DBD01A24979C00AABFD1 /* main.m */; };
		1707DBD41A24979C00AABFD1 /* AppDelegate.m in Sources */ = {isa = PBXBuildFile; fileRef = 1707DBD31A24979C00AABFD1 /* AppDelegate.m */; };
		1707DBD71A24979C00AABFD1 /* ViewController.m in Sources */ = {isa = PBXBuildFile; fileRef = 1707DBD61A24979C00AABFD1 /* ViewController.m */; };
		1707DBDA1A24979C00AABFD1 /* Main.storyboard in Resources */ = {isa = PBXBuildFile; fileRef = 1707DBD81A24979C00AABFD1 /* Main.storyboard */; };
		1707DBDC1A24979C00AABFD1 /* Images.xcassets in Resources */ = {isa = PBXBuildFile; fileRef = 1707DBDB1A24979C00AABFD1 /* Images.xcassets */; };
		1707DBDF1A24979C00AABFD1 /* LaunchScreen.xib in Resources */ = {isa = PBXBuildFile; fileRef = 1707DBDD1A24979C00AABFD1 /* LaunchScreen.xib */; };
		1707DBEB1A24979C00AABFD1 /* TransitionTestTests.m in Sources */ = {isa = PBXBuildFile; fileRef = 1707DBEA1A24979C00AABFD1 /* TransitionTestTests.m */; };
		1707DBFC1A24B5ED00AABFD1 /* NavigationViewController.m in Sources */ = {isa = PBXBuildFile; fileRef = 1707DBFB1A24B5ED00AABFD1 /* NavigationViewController.m */; };
		1707DC021A24C33C00AABFD1 /* SJCBlurAnimatedTransitioning.m in Sources */ = {isa = PBXBuildFile; fileRef = 1707DBFF1A24C33C00AABFD1 /* SJCBlurAnimatedTransitioning.m */; };
		1707DC031A24C33C00AABFD1 /* SJCOverlayViewController.m in Sources */ = {isa = PBXBuildFile; fileRef = 1707DC011A24C33C00AABFD1 /* SJCOverlayViewController.m */; };
/* End PBXBuildFile section */

/* Begin PBXContainerItemProxy section */
		1707DBE51A24979C00AABFD1 /* PBXContainerItemProxy */ = {
			isa = PBXContainerItemProxy;
			containerPortal = 1707DBC31A24979C00AABFD1 /* Project object */;
			proxyType = 1;
			remoteGlobalIDString = 1707DBCA1A24979C00AABFD1;
			remoteInfo = TransitionTest;
		};
/* End PBXContainerItemProxy section */

/* Begin PBXFileReference section */
		1707DBCB1A24979C00AABFD1 /* TransitionTest.app */ = {isa = PBXFileReference; explicitFileType = wrapper.application; includeInIndex = 0; path = TransitionTest.app; sourceTree = BUILT_PRODUCTS_DIR; };
		1707DBCF1A24979C00AABFD1 /* Info.plist */ = {isa = PBXFileReference; lastKnownFileType = text.plist.xml; path = Info.plist; sourceTree = "<group>"; };
		1707DBD01A24979C00AABFD1 /* main.m */ = {isa = PBXFileReference; lastKnownFileType = sourcecode.c.objc; path = main.m; sourceTree = "<group>"; };
		1707DBD21A24979C00AABFD1 /* AppDelegate.h */ = {isa = PBXFileReference; lastKnownFileType = sourcecode.c.h; path = AppDelegate.h; sourceTree = "<group>"; };
		1707DBD31A24979C00AABFD1 /* AppDelegate.m */ = {isa = PBXFileReference; lastKnownFileType = sourcecode.c.objc; path = AppDelegate.m; sourceTree = "<group>"; };
		1707DBD51A24979C00AABFD1 /* ViewController.h */ = {isa = PBXFileReference; lastKnownFileType = sourcecode.c.h; path = ViewController.h; sourceTree = "<group>"; };
		1707DBD61A24979C00AABFD1 /* ViewController.m */ = {isa = PBXFileReference; lastKnownFileType = sourcecode.c.objc; path = ViewController.m; sourceTree = "<group>"; };
		1707DBD91A24979C00AABFD1 /* Base */ = {isa = PBXFileReference; lastKnownFileType = file.storyboard; name = Base; path = Base.lproj/Main.storyboard; sourceTree = "<group>"; };
		1707DBDB1A24979C00AABFD1 /* Images.xcassets */ = {isa = PBXFileReference; lastKnownFileType = folder.assetcatalog; path = Images.xcassets; sourceTree = "<group>"; };
		1707DBDE1A24979C00AABFD1 /* Base */ = {isa = PBXFileReference; lastKnownFileType = file.xib; name = Base; path = Base.lproj/LaunchScreen.xib; sourceTree = "<group>"; };
		1707DBE41A24979C00AABFD1 /* TransitionTestTests.xctest */ = {isa = PBXFileReference; explicitFileType = wrapper.cfbundle; includeInIndex = 0; path = TransitionTestTests.xctest; sourceTree = BUILT_PRODUCTS_DIR; };
		1707DBE91A24979C00AABFD1 /* Info.plist */ = {isa = PBXFileReference; lastKnownFileType = text.plist.xml; path = Info.plist; sourceTree = "<group>"; };
		1707DBEA1A24979C00AABFD1 /* TransitionTestTests.m */ = {isa = PBXFileReference; lastKnownFileType = sourcecode.c.objc; path = TransitionTestTests.m; sourceTree = "<group>"; };
		1707DBFA1A24B5ED00AABFD1 /* NavigationViewController.h */ = {isa = PBXFileReference; fileEncoding = 4; lastKnownFileType = sourcecode.c.h; path = NavigationViewController.h; sourceTree = "<group>"; };
		1707DBFB1A24B5ED00AABFD1 /* NavigationViewController.m */ = {isa = PBXFileReference; fileEncoding = 4; lastKnownFileType = sourcecode.c.objc; path = NavigationViewController.m; sourceTree = "<group>"; };
		1707DBFE1A24C33C00AABFD1 /* SJCBlurAnimatedTransitioning.h */ = {isa = PBXFileReference; fileEncoding = 4; lastKnownFileType = sourcecode.c.h; path = SJCBlurAnimatedTransitioning.h; sourceTree = "<group>"; };
		1707DBFF1A24C33C00AABFD1 /* SJCBlurAnimatedTransitioning.m */ = {isa = PBXFileReference; fileEncoding = 4; lastKnownFileType = sourcecode.c.objc; path = SJCBlurAnimatedTransitioning.m; sourceTree = "<group>"; };
		1707DC001A24C33C00AABFD1 /* SJCOverlayViewController.h */ = {isa = PBXFileReference; fileEncoding = 4; lastKnownFileType = sourcecode.c.h; path = SJCOverlayViewController.h; sourceTree = "<group>"; };
		1707DC011A24C33C00AABFD1 /* SJCOverlayViewController.m */ = {isa = PBXFileReference; fileEncoding = 4; lastKnownFileType = sourcecode.c.objc; path = SJCOverlayViewController.m; sourceTree = "<group>"; };
/* End PBXFileReference section */

/* Begin PBXFrameworksBuildPhase section */
		1707DBC81A24979C00AABFD1 /* Frameworks */ = {
			isa = PBXFrameworksBuildPhase;
			buildActionMask = 2147483647;
			files = (
			);
			runOnlyForDeploymentPostprocessing = 0;
		};
		1707DBE11A24979C00AABFD1 /* Frameworks */ = {
			isa = PBXFrameworksBuildPhase;
			buildActionMask = 2147483647;
			files = (
			);
			runOnlyForDeploymentPostprocessing = 0;
		};
/* End PBXFrameworksBuildPhase section */

/* Begin PBXGroup section */
		1707DBC21A24979C00AABFD1 = {
			isa = PBXGroup;
			children = (
				1707DBCD1A24979C00AABFD1 /* TransitionTest */,
				1707DBE71A24979C00AABFD1 /* TransitionTestTests */,
				1707DBCC1A24979C00AABFD1 /* Products */,
			);
			sourceTree = "<group>";
		};
		1707DBCC1A24979C00AABFD1 /* Products */ = {
			isa = PBXGroup;
			children = (
				1707DBCB1A24979C00AABFD1 /* TransitionTest.app */,
				1707DBE41A24979C00AABFD1 /* TransitionTestTests.xctest */,
			);
			name = Products;
			sourceTree = "<group>";
		};
		1707DBCD1A24979C00AABFD1 /* TransitionTest */ = {
			isa = PBXGroup;
			children = (
				1707DBD21A24979C00AABFD1 /* AppDelegate.h */,
				1707DBD31A24979C00AABFD1 /* AppDelegate.m */,
				1707DBD51A24979C00AABFD1 /* ViewController.h */,
				1707DBD61A24979C00AABFD1 /* ViewController.m */,
				1707DBD81A24979C00AABFD1 /* Main.storyboard */,
				1707DBDB1A24979C00AABFD1 /* Images.xcassets */,
				1707DBFD1A24C33C00AABFD1 /* SJCOverlayViewController */,
				1707DBFA1A24B5ED00AABFD1 /* NavigationViewController.h */,
				1707DBFB1A24B5ED00AABFD1 /* NavigationViewController.m */,
				1707DBDD1A24979C00AABFD1 /* LaunchScreen.xib */,
				1707DBCE1A24979C00AABFD1 /* Supporting Files */,
			);
			path = TransitionTest;
			sourceTree = "<group>";
		};
		1707DBCE1A24979C00AABFD1 /* Supporting Files */ = {
			isa = PBXGroup;
			children = (
				1707DBCF1A24979C00AABFD1 /* Info.plist */,
				1707DBD01A24979C00AABFD1 /* main.m */,
			);
			name = "Supporting Files";
			sourceTree = "<group>";
		};
		1707DBE71A24979C00AABFD1 /* TransitionTestTests */ = {
			isa = PBXGroup;
			children = (
				1707DBEA1A24979C00AABFD1 /* TransitionTestTests.m */,
				1707DBE81A24979C00AABFD1 /* Supporting Files */,
			);
			path = TransitionTestTests;
			sourceTree = "<group>";
		};
		1707DBE81A24979C00AABFD1 /* Supporting Files */ = {
			isa = PBXGroup;
			children = (
				1707DBE91A24979C00AABFD1 /* Info.plist */,
			);
			name = "Supporting Files";
			sourceTree = "<group>";
		};
		1707DBFD1A24C33C00AABFD1 /* SJCOverlayViewController */ = {
			isa = PBXGroup;
			children = (
				1707DBFE1A24C33C00AABFD1 /* SJCBlurAnimatedTransitioning.h */,
				1707DBFF1A24C33C00AABFD1 /* SJCBlurAnimatedTransitioning.m */,
				1707DC001A24C33C00AABFD1 /* SJCOverlayViewController.h */,
				1707DC011A24C33C00AABFD1 /* SJCOverlayViewController.m */,
			);
			path = SJCOverlayViewController;
			sourceTree = "<group>";
		};
/* End PBXGroup section */

/* Begin PBXNativeTarget section */
		1707DBCA1A24979C00AABFD1 /* TransitionTest */ = {
			isa = PBXNativeTarget;
			buildConfigurationList = 1707DBEE1A24979C00AABFD1 /* Build configuration list for PBXNativeTarget "TransitionTest" */;
			buildPhases = (
				1707DBC71A24979C00AABFD1 /* Sources */,
				1707DBC81A24979C00AABFD1 /* Frameworks */,
				1707DBC91A24979C00AABFD1 /* Resources */,
			);
			buildRules = (
			);
			dependencies = (
			);
			name = TransitionTest;
			productName = TransitionTest;
			productReference = 1707DBCB1A24979C00AABFD1 /* TransitionTest.app */;
			productType = "com.apple.product-type.application";
		};
		1707DBE31A24979C00AABFD1 /* TransitionTestTests */ = {
			isa = PBXNativeTarget;
			buildConfigurationList = 1707DBF11A24979C00AABFD1 /* Build configuration list for PBXNativeTarget "TransitionTestTests" */;
			buildPhases = (
				1707DBE01A24979C00AABFD1 /* Sources */,
				1707DBE11A24979C00AABFD1 /* Frameworks */,
				1707DBE21A24979C00AABFD1 /* Resources */,
			);
			buildRules = (
			);
			dependencies = (
				1707DBE61A24979C00AABFD1 /* PBXTargetDependency */,
			);
			name = TransitionTestTests;
			productName = TransitionTestTests;
			productReference = 1707DBE41A24979C00AABFD1 /* TransitionTestTests.xctest */;
			productType = "com.apple.product-type.bundle.unit-test";
		};
/* End PBXNativeTarget section */

/* Begin PBXProject section */
		1707DBC31A24979C00AABFD1 /* Project object */ = {
			isa = PBXProject;
			attributes = {
				LastUpgradeCheck = 0610;
				ORGANIZATIONNAME = JAM;
				TargetAttributes = {
					1707DBCA1A24979C00AABFD1 = {
						CreatedOnToolsVersion = 6.1;
					};
					1707DBE31A24979C00AABFD1 = {
						CreatedOnToolsVersion = 6.1;
						TestTargetID = 1707DBCA1A24979C00AABFD1;
					};
				};
			};
			buildConfigurationList = 1707DBC61A24979C00AABFD1 /* Build configuration list for PBXProject "TransitionTest" */;
			compatibilityVersion = "Xcode 3.2";
			developmentRegion = English;
			hasScannedForEncodings = 0;
			knownRegions = (
				en,
				Base,
			);
			mainGroup = 1707DBC21A24979C00AABFD1;
			productRefGroup = 1707DBCC1A24979C00AABFD1 /* Products */;
			projectDirPath = "";
			projectRoot = "";
			targets = (
				1707DBCA1A24979C00AABFD1 /* TransitionTest */,
				1707DBE31A24979C00AABFD1 /* TransitionTestTests */,
			);
		};
/* End PBXProject section */

/* Begin PBXResourcesBuildPhase section */
		1707DBC91A24979C00AABFD1 /* Resources */ = {
			isa = PBXResourcesBuildPhase;
			buildActionMask = 2147483647;
			files = (
				1707DBDA1A24979C00AABFD1 /* Main.storyboard in Resources */,
				1707DBDF1A24979C00AABFD1 /* LaunchScreen.xib in Resources */,
				1707DBDC1A24979C00AABFD1 /* Images.xcassets in Resources */,
			);
			runOnlyForDeploymentPostprocessing = 0;
		};
		1707DBE21A24979C00AABFD1 /* Resources */ = {
			isa = PBXResourcesBuildPhase;
			buildActionMask = 2147483647;
			files = (
			);
			runOnlyForDeploymentPostprocessing = 0;
		};
/* End PBXResourcesBuildPhase section */

/* Begin PBXSourcesBuildPhase section */
		1707DBC71A24979C00AABFD1 /* Sources */ = {
			isa = PBXSourcesBuildPhase;
			buildActionMask = 2147483647;
			files = (
				1707DC031A24C33C00AABFD1 /* SJCOverlayViewController.m in Sources */,
				1707DBD71A24979C00AABFD1 /* ViewController.m in Sources */,
				1707DBD41A24979C00AABFD1 /* AppDelegate.m in Sources */,
				1707DBFC1A24B5ED00AABFD1 /* NavigationViewController.m in Sources */,
				1707DC021A24C33C00AABFD1 /* SJCBlurAnimatedTransitioning.m in Sources */,
				1707DBD11A24979C00AABFD1 /* main.m in Sources */,
			);
			runOnlyForDeploymentPostprocessing = 0;
		};
		1707DBE01A24979C00AABFD1 /* Sources */ = {
			isa = PBXSourcesBuildPhase;
			buildActionMask = 2147483647;
			files = (
				1707DBEB1A24979C00AABFD1 /* TransitionTestTests.m in Sources */,
			);
			runOnlyForDeploymentPostprocessing = 0;
		};
/* End PBXSourcesBuildPhase section */

/* Begin PBXTargetDependency section */
		1707DBE61A24979C00AABFD1 /* PBXTargetDependency */ = {
			isa = PBXTargetDependency;
			target = 1707DBCA1A24979C00AABFD1 /* TransitionTest */;
			targetProxy = 1707DBE51A24979C00AABFD1 /* PBXContainerItemProxy */;
		};
/* End PBXTargetDependency section */

/* Begin PBXVariantGroup section */
		1707DBD81A24979C00AABFD1 /* Main.storyboard */ = {
			isa = PBXVariantGroup;
			children = (
				1707DBD91A24979C00AABFD1 /* Base */,
			);
			name = Main.storyboard;
			sourceTree = "<group>";
		};
		1707DBDD1A24979C00AABFD1 /* LaunchScreen.xib */ = {
			isa = PBXVariantGroup;
			children = (
				1707DBDE1A24979C00AABFD1 /* Base */,
			);
			name = LaunchScreen.xib;
			sourceTree = "<group>";
		};
/* End PBXVariantGroup section */

/* Begin XCBuildConfiguration section */
		1707DBEC1A24979C00AABFD1 /* Debug */ = {
			isa = XCBuildConfiguration;
			buildSettings = {
				ALWAYS_SEARCH_USER_PATHS = NO;
				CLANG_CXX_LANGUAGE_STANDARD = "gnu++0x";
				CLANG_CXX_LIBRARY = "libc++";
				CLANG_ENABLE_MODULES = YES;
				CLANG_ENABLE_OBJC_ARC = YES;
				CLANG_WARN_BOOL_CONVERSION = YES;
				CLANG_WARN_CONSTANT_CONVERSION = YES;
				CLANG_WARN_DIRECT_OBJC_ISA_USAGE = YES_ERROR;
				CLANG_WARN_EMPTY_BODY = YES;
				CLANG_WARN_ENUM_CONVERSION = YES;
				CLANG_WARN_INT_CONVERSION = YES;
				CLANG_WARN_OBJC_ROOT_CLASS = YES_ERROR;
				CLANG_WARN_UNREACHABLE_CODE = YES;
				CLANG_WARN__DUPLICATE_METHOD_MATCH = YES;
				"CODE_SIGN_IDENTITY[sdk=iphoneos*]" = "iPhone Developer";
				COPY_PHASE_STRIP = NO;
				ENABLE_STRICT_OBJC_MSGSEND = YES;
				GCC_C_LANGUAGE_STANDARD = gnu99;
				GCC_DYNAMIC_NO_PIC = NO;
				GCC_OPTIMIZATION_LEVEL = 0;
				GCC_PREPROCESSOR_DEFINITIONS = (
					"DEBUG=1",
					"$(inherited)",
				);
				GCC_SYMBOLS_PRIVATE_EXTERN = NO;
				GCC_WARN_64_TO_32_BIT_CONVERSION = YES;
				GCC_WARN_ABOUT_RETURN_TYPE = YES_ERROR;
				GCC_WARN_UNDECLARED_SELECTOR = YES;
				GCC_WARN_UNINITIALIZED_AUTOS = YES_AGGRESSIVE;
				GCC_WARN_UNUSED_FUNCTION = YES;
				GCC_WARN_UNUSED_VARIABLE = YES;
				IPHONEOS_DEPLOYMENT_TARGET = 8.1;
				MTL_ENABLE_DEBUG_INFO = YES;
				ONLY_ACTIVE_ARCH = YES;
				SDKROOT = iphoneos;
				TARGETED_DEVICE_FAMILY = "1,2";
			};
			name = Debug;
		};
		1707DBED1A24979C00AABFD1 /* Release */ = {
			isa = XCBuildConfiguration;
			buildSettings = {
				ALWAYS_SEARCH_USER_PATHS = NO;
				CLANG_CXX_LANGUAGE_STANDARD = "gnu++0x";
				CLANG_CXX_LIBRARY = "libc++";
				CLANG_ENABLE_MODULES = YES;
				CLANG_ENABLE_OBJC_ARC = YES;
				CLANG_WARN_BOOL_CONVERSION = YES;
				CLANG_WARN_CONSTANT_CONVERSION = YES;
				CLANG_WARN_DIRECT_OBJC_ISA_USAGE = YES_ERROR;
				CLANG_WARN_EMPTY_BODY = YES;
				CLANG_WARN_ENUM_CONVERSION = YES;
				CLANG_WARN_INT_CONVERSION = YES;
				CLANG_WARN_OBJC_ROOT_CLASS = YES_ERROR;
				CLANG_WARN_UNREACHABLE_CODE = YES;
				CLANG_WARN__DUPLICATE_METHOD_MATCH = YES;
				"CODE_SIGN_IDENTITY[sdk=iphoneos*]" = "iPhone Developer";
				COPY_PHASE_STRIP = YES;
				ENABLE_NS_ASSERTIONS = NO;
				ENABLE_STRICT_OBJC_MSGSEND = YES;
				GCC_C_LANGUAGE_STANDARD = gnu99;
				GCC_WARN_64_TO_32_BIT_CONVERSION = YES;
				GCC_WARN_ABOUT_RETURN_TYPE = YES_ERROR;
				GCC_WARN_UNDECLARED_SELECTOR = YES;
				GCC_WARN_UNINITIALIZED_AUTOS = YES_AGGRESSIVE;
				GCC_WARN_UNUSED_FUNCTION = YES;
				GCC_WARN_UNUSED_VARIABLE = YES;
				IPHONEOS_DEPLOYMENT_TARGET = 8.1;
				MTL_ENABLE_DEBUG_INFO = NO;
				SDKROOT = iphoneos;
				TARGETED_DEVICE_FAMILY = "1,2";
				VALIDATE_PRODUCT = YES;
			};
			name = Release;
		};
		1707DBEF1A24979C00AABFD1 /* Debug */ = {
			isa = XCBuildConfiguration;
			buildSettings = {
				ASSETCATALOG_COMPILER_APPICON_NAME = AppIcon;
				INFOPLIST_FILE = TransitionTest/Info.plist;
				IPHONEOS_DEPLOYMENT_TARGET = 7.1;
				LD_RUNPATH_SEARCH_PATHS = "$(inherited) @executable_path/Frameworks";
				PRODUCT_NAME = "$(TARGET_NAME)";
			};
			name = Debug;
		};
		1707DBF01A24979C00AABFD1 /* Release */ = {
			isa = XCBuildConfiguration;
			buildSettings = {
				ASSETCATALOG_COMPILER_APPICON_NAME = AppIcon;
				INFOPLIST_FILE = TransitionTest/Info.plist;
				IPHONEOS_DEPLOYMENT_TARGET = 7.1;
				LD_RUNPATH_SEARCH_PATHS = "$(inherited) @executable_path/Frameworks";
				PRODUCT_NAME = "$(TARGET_NAME)";
			};
			name = Release;
		};
		1707DBF21A24979C00AABFD1 /* Debug */ = {
			isa = XCBuildConfiguration;
			buildSettings = {
				BUNDLE_LOADER = "$(TEST_HOST)";
				FRAMEWORK_SEARCH_PATHS = (
					"$(SDKROOT)/Developer/Library/Frameworks",
					"$(inherited)",
				);
				GCC_PREPROCESSOR_DEFINITIONS = (
					"DEBUG=1",
					"$(inherited)",
				);
				INFOPLIST_FILE = TransitionTestTests/Info.plist;
				LD_RUNPATH_SEARCH_PATHS = "$(inherited) @executable_path/Frameworks @loader_path/Frameworks";
				PRODUCT_NAME = "$(TARGET_NAME)";
				TEST_HOST = "$(BUILT_PRODUCTS_DIR)/TransitionTest.app/TransitionTest";
			};
			name = Debug;
		};
		1707DBF31A24979C00AABFD1 /* Release */ = {
			isa = XCBuildConfiguration;
			buildSettings = {
				BUNDLE_LOADER = "$(TEST_HOST)";
				FRAMEWORK_SEARCH_PATHS = (
					"$(SDKROOT)/Developer/Library/Frameworks",
					"$(inherited)",
				);
				INFOPLIST_FILE = TransitionTestTests/Info.plist;
				LD_RUNPATH_SEARCH_PATHS = "$(inherited) @executable_path/Frameworks @loader_path/Frameworks";
				PRODUCT_NAME = "$(TARGET_NAME)";
				TEST_HOST = "$(BUILT_PRODUCTS_DIR)/TransitionTest.app/TransitionTest";
			};
			name = Release;
		};
/* End XCBuildConfiguration section */

/* Begin XCConfigurationList section */
		1707DBC61A24979C00AABFD1 /* Build configuration list for PBXProject "TransitionTest" */ = {
			isa = XCConfigurationList;
			buildConfigurations = (
				1707DBEC1A24979C00AABFD1 /* Debug */,
				1707DBED1A24979C00AABFD1 /* Release */,
			);
			defaultConfigurationIsVisible = 0;
			defaultConfigurationName = Release;
		};
		1707DBEE1A24979C00AABFD1 /* Build configuration list for PBXNativeTarget "TransitionTest" */ = {
			isa = XCConfigurationList;
			buildConfigurations = (
				1707DBEF1A24979C00AABFD1 /* Debug */,
				1707DBF01A24979C00AABFD1 /* Release */,
			);
			defaultConfigurationIsVisible = 0;
		};
		1707DBF11A24979C00AABFD1 /* Build configuration list for PBXNativeTarget "TransitionTestTests" */ = {
			isa = XCConfigurationList;
			buildConfigurations = (
				1707DBF21A24979C00AABFD1 /* Debug */,
				1707DBF31A24979C00AABFD1 /* Release */,
			);
			defaultConfigurationIsVisible = 0;
		};
/* End XCConfigurationList section */
	};
	rootObject = 1707DBC31A24979C00AABFD1 /* Project object */;
}
